# This file is automatically @generated by Cargo.
# It is not intended for manual editing.
version = 3

[[package]]
name = "core_affinity"
version = "0.5.10"
source = "registry+https://github.com/rust-lang/crates.io-index"
checksum = "7f8a03115cc34fb0d7c321dd154a3914b3ca082ccc5c11d91bf7117dbbe7171f"
dependencies = [
 "kernel32-sys",
 "libc",
 "num_cpus",
 "winapi",
]

[[package]]
name = "hermit-abi"
version = "0.1.19"
source = "registry+https://github.com/rust-lang/crates.io-index"
checksum = "62b467343b94ba476dcb2500d242dadbb39557df889310ac77c5d99100aaac33"
dependencies = [
 "libc",
]

[[package]]
name = "kernel32-sys"
version = "0.2.2"
source = "registry+https://github.com/rust-lang/crates.io-index"
checksum = "7507624b29483431c0ba2d82aece8ca6cdba9382bff4ddd0f7490560c056098d"
dependencies = [
 "winapi",
 "winapi-build",
]

[[package]]
name = "libc"
version = "0.2.137"
source = "registry+https://github.com/rust-lang/crates.io-index"
checksum = "fc7fcc620a3bff7cdd7a365be3376c97191aeaccc2a603e600951e452615bf89"

[[package]]
name = "num_cpus"
version = "1.14.0"
source = "registry+https://github.com/rust-lang/crates.io-index"
checksum = "f6058e64324c71e02bc2b150e4f3bc8286db6c83092132ffa3f6b1eab0f9def5"
dependencies = [
 "hermit-abi",
 "libc",
]

[[package]]
name = "perf-event"
version = "0.4.8"
source = "registry+https://github.com/rust-lang/crates.io-index"
checksum = "b4d6393d9238342159080d79b78cb59c67399a8e7ecfa5d410bd614169e4e823"
dependencies = [
 "libc",
 "perf-event-open-sys",
]

[[package]]
name = "perf-event-open-sys"
version = "4.0.0"
source = "registry+https://github.com/rust-lang/crates.io-index"
checksum = "7c44fb1c7651a45a3652c4afc6e754e40b3d6e6556f1487e2b230bfc4f33c2a8"
dependencies = [
 "libc",
]

[[package]]
name = "rust_bench"
version = "0.1.0"
dependencies = [
 "core_affinity",
 "perf-event",
]

[[package]]
name = "winapi"
version = "0.2.8"
source = "registry+https://github.com/rust-lang/crates.io-index"
checksum = "167dc9d6949a9b857f3451275e911c3f44255842c1f7a76f33c55103a909087a"

[[package]]
name = "winapi-build"
version = "0.1.1"
source = "registry+https://github.com/rust-lang/crates.io-index"
checksum = "2d315eee3b34aca4797b2da6b13ed88266e6d612562a0c46390af8299fc699bc"
